
Microsoft Visual Studio Solution File, Format Version 12.00
# Visual Studio Version 17
VisualStudioVersion = 17.13.35825.156 d17.13
MinimumVisualStudioVersion = 10.0.40219.1
Project("{8BC9CEB8-8B4A-11D0-8D11-00A0C91BC942}") = "Cpp", "Cpp\Cpp.vcxproj", "{1C16850B-35A4-4DD9-84BE-2F08F4AC2A77}"
EndProject
Global
	GlobalSection(SolutionConfigurationPlatforms) = preSolution
		Debug|x64 = Debug|x64
		Debug|x86 = Debug|x86
		Release|x64 = Release|x64
		Release|x86 = Release|x86
	EndGlobalSection
	GlobalSection(ProjectConfigurationPlatforms) = postSolution
		{1C16850B-35A4-4DD9-84BE-2F08F4AC2A77}.Debug|x64.ActiveCfg = Debug|x64
		{1C16850B-35A4-4DD9-84BE-2F08F4AC2A77}.Debug|x64.Build.0 = Debug|x64
		{1C16850B-35A4-4DD9-84BE-2F08F4AC2A77}.Debug|x86.ActiveCfg = Debug|Win32
		{1C16850B-35A4-4DD9-84BE-2F08F4AC2A77}.Debug|x86.Build.0 = Debug|Win32
		{1C16850B-35A4-4DD9-84BE-2F08F4AC2A77}.Release|x64.ActiveCfg = Release|x64
		{1C16850B-35A4-4DD9-84BE-2F08F4AC2A77}.Release|x64.Build.0 = Release|x64
		{1C16850B-35A4-4DD9-84BE-2F08F4AC2A77}.Release|x86.ActiveCfg = Release|Win32
		{1C16850B-35A4-4DD9-84BE-2F08F4AC2A77}.Release|x86.Build.0 = Release|Win32
	EndGlobalSection
	GlobalSection(SolutionProperties) = preSolution
		HideSolutionNode = FALSE
	EndGlobalSection
	GlobalSection(ExtensibilityGlobals) = postSolution
		SolutionGuid = {01C7D59E-6CE8-4372-BD7F-4CA2DF5F89D5}
	EndGlobalSection
EndGlobal
